
Microsoft Visual Studio Solution File, Format Version 12.00
# Visual Studio Version 17
VisualStudioVersion = 17.14.36511.14 d17.14
MinimumVisualStudioVersion = 10.0.40219.1
Project("{FAE04EC0-301F-11D3-BF4B-00C04F79EFBC}") = "ProjectQLDCCT", "ProjectQLDCCT\ProjectQLDCCT.csproj", "{5C8BCA86-97BA-4C0B-AFA3-64FB34378477}"
EndProject
Global
	GlobalSection(SolutionConfigurationPlatforms) = preSolution
		Debug|Any CPU = Debug|Any CPU
		Release|Any CPU = Release|Any CPU
	EndGlobalSection
	GlobalSection(ProjectConfigurationPlatforms) = postSolution
		{5C8BCA86-97BA-4C0B-AFA3-64FB34378477}.Debug|Any CPU.ActiveCfg = Debug|Any CPU
		{5C8BCA86-97BA-4C0B-AFA3-64FB34378477}.Debug|Any CPU.Build.0 = Debug|Any CPU
		{5C8BCA86-97BA-4C0B-AFA3-64FB34378477}.Release|Any CPU.ActiveCfg = Release|Any CPU
		{5C8BCA86-97BA-4C0B-AFA3-64FB34378477}.Release|Any CPU.Build.0 = Release|Any CPU
	EndGlobalSection
	GlobalSection(SolutionProperties) = preSolution
		HideSolutionNode = FALSE
	EndGlobalSection
	GlobalSection(ExtensibilityGlobals) = postSolution
		SolutionGuid = {7AFFC7B9-9878-46F0-8055-9AAFA98410D9}
	EndGlobalSection
EndGlobal
